
Microsoft Visual Studio Solution File, Format Version 12.00
# Visual Studio Version 16
VisualStudioVersion = 16.0.33423.256
MinimumVisualStudioVersion = 10.0.40219.1
Project("{FAE04EC0-301F-11D3-BF4B-00C04F79EFBC}") = "Repositorio Inicial", "Repositorio Inicial\Repositorio Inicial.csproj", "{A86E72D2-7DED-48D3-A820-112D2BBBEEC5}"
EndProject
Global
	GlobalSection(SolutionConfigurationPlatforms) = preSolution
		Debug|Any CPU = Debug|Any CPU
		Release|Any CPU = Release|Any CPU
	EndGlobalSection
	GlobalSection(ProjectConfigurationPlatforms) = postSolution
		{A86E72D2-7DED-48D3-A820-112D2BBBEEC5}.Debug|Any CPU.ActiveCfg = Debug|Any CPU
		{A86E72D2-7DED-48D3-A820-112D2BBBEEC5}.Debug|Any CPU.Build.0 = Debug|Any CPU
		{A86E72D2-7DED-48D3-A820-112D2BBBEEC5}.Release|Any CPU.ActiveCfg = Release|Any CPU
		{A86E72D2-7DED-48D3-A820-112D2BBBEEC5}.Release|Any CPU.Build.0 = Release|Any CPU
	EndGlobalSection
	GlobalSection(SolutionProperties) = preSolution
		HideSolutionNode = FALSE
	EndGlobalSection
	GlobalSection(ExtensibilityGlobals) = postSolution
		SolutionGuid = {45258820-28E0-4FC3-98F6-E3B5C669BD89}
	EndGlobalSection
EndGlobal
